
Microsoft Visual Studio Solution File, Format Version 12.00
# Visual Studio Version 17
VisualStudioVersion = 17.14.36414.22 d17.14
MinimumVisualStudioVersion = 10.0.40219.1
Project("{FAE04EC0-301F-11D3-BF4B-00C04F79EFBC}") = "HWGame", "HWGame.csproj", "{D6C322A8-0F91-420D-81D4-D89741BC672F}"
EndProject
Global
	GlobalSection(SolutionConfigurationPlatforms) = preSolution
		Debug|Any CPU = Debug|Any CPU
		Release|Any CPU = Release|Any CPU
	EndGlobalSection
	GlobalSection(ProjectConfigurationPlatforms) = postSolution
		{D6C322A8-0F91-420D-81D4-D89741BC672F}.Debug|Any CPU.ActiveCfg = Debug|Any CPU
		{D6C322A8-0F91-420D-81D4-D89741BC672F}.Debug|Any CPU.Build.0 = Debug|Any CPU
		{D6C322A8-0F91-420D-81D4-D89741BC672F}.Release|Any CPU.ActiveCfg = Release|Any CPU
		{D6C322A8-0F91-420D-81D4-D89741BC672F}.Release|Any CPU.Build.0 = Release|Any CPU
	EndGlobalSection
	GlobalSection(SolutionProperties) = preSolution
		HideSolutionNode = FALSE
	EndGlobalSection
	GlobalSection(ExtensibilityGlobals) = postSolution
		SolutionGuid = {11FE4196-1A2E-46F7-B6FB-9CEB9A55606E}
	EndGlobalSection
EndGlobal
